{
    __meta__ = {
        version = "1.0"
    },
    ["windows|x64"] = {
        ["cmake#f56260b5"] = {
            repo = {
                branch = "master",
                commit = "435c8191bcd0e17cb1519c25402da45653c7bc32",
                url = "https://gitlab.com/tboox/xmake-repo.git"
            },
            version = "4.2.3"
        },
        ["ninja#f56260b5"] = {
            repo = {
                branch = "master",
                commit = "435c8191bcd0e17cb1519c25402da45653c7bc32",
                url = "https://gitlab.com/tboox/xmake-repo.git"
            },
            version = "v1.13.1"
        },
        ["spdlog v1.16.0#09c8c173"] = {
            repo = {
                branch = "master",
                commit = "435c8191bcd0e17cb1519c25402da45653c7bc32",
                url = "https://gitlab.com/tboox/xmake-repo.git"
            },
            version = "v1.16.0"
        }
    }
}